
Microsoft Visual Studio Solution File, Format Version 12.00
# Visual Studio 15
VisualStudioVersion = 15.0.28010.2026
MinimumVisualStudioVersion = 10.0.40219.1
Project("{FAE04EC0-301F-11D3-BF4B-00C04F79EFBC}") = "TestService", "TestService\TestService.csproj", "{B6B11D23-AC82-41E0-9AFF-621715171E65}"
EndProject
Global
	GlobalSection(SolutionConfigurationPlatforms) = preSolution
		Debug|Any CPU = Debug|Any CPU
		Release|Any CPU = Release|Any CPU
	EndGlobalSection
	GlobalSection(ProjectConfigurationPlatforms) = postSolution
		{B6B11D23-AC82-41E0-9AFF-621715171E65}.Debug|Any CPU.ActiveCfg = Debug|Any CPU
		{B6B11D23-AC82-41E0-9AFF-621715171E65}.Debug|Any CPU.Build.0 = Debug|Any CPU
		{B6B11D23-AC82-41E0-9AFF-621715171E65}.Release|Any CPU.ActiveCfg = Release|Any CPU
		{B6B11D23-AC82-41E0-9AFF-621715171E65}.Release|Any CPU.Build.0 = Release|Any CPU
	EndGlobalSection
	GlobalSection(SolutionProperties) = preSolution
		HideSolutionNode = FALSE
	EndGlobalSection
	GlobalSection(ExtensibilityGlobals) = postSolution
		SolutionGuid = {EE23BD3F-1AA9-499C-A782-D5EBE271D0CA}
	EndGlobalSection
EndGlobal
